
Microsoft Visual Studio Solution File, Format Version 12.00
# Visual Studio 2013
VisualStudioVersion = 12.0.30723.0
MinimumVisualStudioVersion = 10.0.40219.1
Project("{FAE04EC0-301F-11D3-BF4B-00C04F79EFBC}") = "Nestor.UI", "Nestor.UI\Nestor.UI.csproj", "{4C036843-D7C9-49BC-9E84-232BA24C0F3F}"
EndProject
Project("{FAE04EC0-301F-11D3-BF4B-00C04F79EFBC}") = "Nestor.Business", "Nestor.Business\Nestor.Business.csproj", "{42AE2C71-7A7F-4B34-8659-FD9838244925}"
EndProject
Project("{FAE04EC0-301F-11D3-BF4B-00C04F79EFBC}") = "Nestor.Data", "Nestor.Data\Nestor.Data.csproj", "{E2437466-3E10-41C8-94C7-3B40ED50E0A0}"
EndProject
Project("{FAE04EC0-301F-11D3-BF4B-00C04F79EFBC}") = "Nestor.Models", "Nestor.Models\Nestor.Models.csproj", "{654BB244-EB9B-40AA-8EDF-39C9CA9B0ACA}"
EndProject
Project("{FAE04EC0-301F-11D3-BF4B-00C04F79EFBC}") = "Nestor.Data.EF", "Nestor.Data.EF\Nestor.Data.EF.csproj", "{536E9A49-29B2-4C9D-9E29-0E3DBD57BA46}"
EndProject
Global
	GlobalSection(SolutionConfigurationPlatforms) = preSolution
		Debug|Any CPU = Debug|Any CPU
		Release|Any CPU = Release|Any CPU
	EndGlobalSection
	GlobalSection(ProjectConfigurationPlatforms) = postSolution
		{4C036843-D7C9-49BC-9E84-232BA24C0F3F}.Debug|Any CPU.ActiveCfg = Debug|Any CPU
		{4C036843-D7C9-49BC-9E84-232BA24C0F3F}.Debug|Any CPU.Build.0 = Debug|Any CPU
		{4C036843-D7C9-49BC-9E84-232BA24C0F3F}.Release|Any CPU.ActiveCfg = Release|Any CPU
		{4C036843-D7C9-49BC-9E84-232BA24C0F3F}.Release|Any CPU.Build.0 = Release|Any CPU
		{42AE2C71-7A7F-4B34-8659-FD9838244925}.Debug|Any CPU.ActiveCfg = Debug|Any CPU
		{42AE2C71-7A7F-4B34-8659-FD9838244925}.Debug|Any CPU.Build.0 = Debug|Any CPU
		{42AE2C71-7A7F-4B34-8659-FD9838244925}.Release|Any CPU.ActiveCfg = Release|Any CPU
		{42AE2C71-7A7F-4B34-8659-FD9838244925}.Release|Any CPU.Build.0 = Release|Any CPU
		{E2437466-3E10-41C8-94C7-3B40ED50E0A0}.Debug|Any CPU.ActiveCfg = Debug|Any CPU
		{E2437466-3E10-41C8-94C7-3B40ED50E0A0}.Debug|Any CPU.Build.0 = Debug|Any CPU
		{E2437466-3E10-41C8-94C7-3B40ED50E0A0}.Release|Any CPU.ActiveCfg = Release|Any CPU
		{E2437466-3E10-41C8-94C7-3B40ED50E0A0}.Release|Any CPU.Build.0 = Release|Any CPU
		{654BB244-EB9B-40AA-8EDF-39C9CA9B0ACA}.Debug|Any CPU.ActiveCfg = Debug|Any CPU
		{654BB244-EB9B-40AA-8EDF-39C9CA9B0ACA}.Debug|Any CPU.Build.0 = Debug|Any CPU
		{654BB244-EB9B-40AA-8EDF-39C9CA9B0ACA}.Release|Any CPU.ActiveCfg = Release|Any CPU
		{654BB244-EB9B-40AA-8EDF-39C9CA9B0ACA}.Release|Any CPU.Build.0 = Release|Any CPU
		{536E9A49-29B2-4C9D-9E29-0E3DBD57BA46}.Debug|Any CPU.ActiveCfg = Debug|Any CPU
		{536E9A49-29B2-4C9D-9E29-0E3DBD57BA46}.Debug|Any CPU.Build.0 = Debug|Any CPU
		{536E9A49-29B2-4C9D-9E29-0E3DBD57BA46}.Release|Any CPU.ActiveCfg = Release|Any CPU
		{536E9A49-29B2-4C9D-9E29-0E3DBD57BA46}.Release|Any CPU.Build.0 = Release|Any CPU
	EndGlobalSection
	GlobalSection(SolutionProperties) = preSolution
		HideSolutionNode = FALSE
	EndGlobalSection
EndGlobal
